
Microsoft Visual Studio Solution File, Format Version 12.00
# Visual Studio Version 16
VisualStudioVersion = 16.0.31702.278
MinimumVisualStudioVersion = 10.0.40219.1
Project("{FAE04EC0-301F-11D3-BF4B-00C04F79EFBC}") = "manejo-excepciones", "manejo-excepciones.csproj", "{378BB891-ACED-4FC8-96AC-7F83C9D1019D}"
EndProject
Global
	GlobalSection(SolutionConfigurationPlatforms) = preSolution
		Debug|Any CPU = Debug|Any CPU
		Release|Any CPU = Release|Any CPU
	EndGlobalSection
	GlobalSection(ProjectConfigurationPlatforms) = postSolution
		{378BB891-ACED-4FC8-96AC-7F83C9D1019D}.Debug|Any CPU.ActiveCfg = Debug|Any CPU
		{378BB891-ACED-4FC8-96AC-7F83C9D1019D}.Debug|Any CPU.Build.0 = Debug|Any CPU
		{378BB891-ACED-4FC8-96AC-7F83C9D1019D}.Release|Any CPU.ActiveCfg = Release|Any CPU
		{378BB891-ACED-4FC8-96AC-7F83C9D1019D}.Release|Any CPU.Build.0 = Release|Any CPU
	EndGlobalSection
	GlobalSection(SolutionProperties) = preSolution
		HideSolutionNode = FALSE
	EndGlobalSection
	GlobalSection(ExtensibilityGlobals) = postSolution
		SolutionGuid = {715B8B2F-E44E-4B2C-8072-D92293FCE08A}
	EndGlobalSection
EndGlobal
